// !$*UTF8*$!
{
	archiveVersion = 1;
	classes = {
	};
	objectVersion = 46;
	objects = {

/* Begin PBXBuildFile section */
		CD84B58B191EDBAB003C9705 /* SDUMyFriendsTableViewController.m in Sources */ = {isa = PBXBuildFile; fileRef = CD84B58A191EDBAB003C9705 /* SDUMyFriendsTableViewController.m */; };
		CD9DB42C18C816BB00C56BD8 /* Foundation.framework in Frameworks */ = {isa = PBXBuildFile; fileRef = CD9DB42B18C816BB00C56BD8 /* Foundation.framework */; };
		CD9DB42E18C816BB00C56BD8 /* CoreGraphics.framework in Frameworks */ = {isa = PBXBuildFile; fileRef = CD9DB42D18C816BB00C56BD8 /* CoreGraphics.framework */; };
		CD9DB43018C816BB00C56BD8 /* UIKit.framework in Frameworks */ = {isa = PBXBuildFile; fileRef = CD9DB42F18C816BB00C56BD8 /* UIKit.framework */; };
		CD9DB43618C816BB00C56BD8 /* InfoPlist.strings in Resources */ = {isa = PBXBuildFile; fileRef = CD9DB43418C816BB00C56BD8 /* InfoPlist.strings */; };
		CD9DB43818C816BB00C56BD8 /* main.m in Sources */ = {isa = PBXBuildFile; fileRef = CD9DB43718C816BB00C56BD8 /* main.m */; };
		CD9DB43C18C816BB00C56BD8 /* SDUAppDelegate.m in Sources */ = {isa = PBXBuildFile; fileRef = CD9DB43B18C816BB00C56BD8 /* SDUAppDelegate.m */; };
		CD9DB43F18C816BB00C56BD8 /* Main.storyboard in Resources */ = {isa = PBXBuildFile; fileRef = CD9DB43D18C816BB00C56BD8 /* Main.storyboard */; };
		CD9DB44418C816BB00C56BD8 /* Images.xcassets in Resources */ = {isa = PBXBuildFile; fileRef = CD9DB44318C816BB00C56BD8 /* Images.xcassets */; };
		CD9DB44B18C816BB00C56BD8 /* XCTest.framework in Frameworks */ = {isa = PBXBuildFile; fileRef = CD9DB44A18C816BB00C56BD8 /* XCTest.framework */; };
		CD9DB44C18C816BB00C56BD8 /* Foundation.framework in Frameworks */ = {isa = PBXBuildFile; fileRef = CD9DB42B18C816BB00C56BD8 /* Foundation.framework */; };
		CD9DB44D18C816BB00C56BD8 /* UIKit.framework in Frameworks */ = {isa = PBXBuildFile; fileRef = CD9DB42F18C816BB00C56BD8 /* UIKit.framework */; };
		CD9DB45518C816BB00C56BD8 /* InfoPlist.strings in Resources */ = {isa = PBXBuildFile; fileRef = CD9DB45318C816BB00C56BD8 /* InfoPlist.strings */; };
		CD9DB45718C816BB00C56BD8 /* TenTests.m in Sources */ = {isa = PBXBuildFile; fileRef = CD9DB45618C816BB00C56BD8 /* TenTests.m */; };
		CD9DB46118C816C800C56BD8 /* MapKit.framework in Frameworks */ = {isa = PBXBuildFile; fileRef = CD9DB46018C816C800C56BD8 /* MapKit.framework */; };
		CD9DB46318C816D000C56BD8 /* CoreLocation.framework in Frameworks */ = {isa = PBXBuildFile; fileRef = CD9DB46218C816D000C56BD8 /* CoreLocation.framework */; };
		CD9DB46618C8171A00C56BD8 /* SDURestHomeViewController.m in Sources */ = {isa = PBXBuildFile; fileRef = CD9DB46518C8171A00C56BD8 /* SDURestHomeViewController.m */; };
		CD9DB46918C8173C00C56BD8 /* SDURestMapListViewController.m in Sources */ = {isa = PBXBuildFile; fileRef = CD9DB46818C8173C00C56BD8 /* SDURestMapListViewController.m */; };
		CD9DB46C18C8176000C56BD8 /* SDURestListAnnotation.m in Sources */ = {isa = PBXBuildFile; fileRef = CD9DB46B18C8176000C56BD8 /* SDURestListAnnotation.m */; };
		CD9DB46F18C8178B00C56BD8 /* SDURestDetailViewController.m in Sources */ = {isa = PBXBuildFile; fileRef = CD9DB46E18C8178B00C56BD8 /* SDURestDetailViewController.m */; };
		CD9DB47218C819BD00C56BD8 /* SDURest.m in Sources */ = {isa = PBXBuildFile; fileRef = CD9DB47118C819BD00C56BD8 /* SDURest.m */; };
		CD9DB4C218CD54BC00C56BD8 /* SDURegisterViewController.m in Sources */ = {isa = PBXBuildFile; fileRef = CD9DB4C118CD54BC00C56BD8 /* SDURegisterViewController.m */; };
		CD9DB4DB18D2909B00C56BD8 /* RECommonFunctions.m in Sources */ = {isa = PBXBuildFile; fileRef = CD9DB4D018D2909B00C56BD8 /* RECommonFunctions.m */; };
		CD9DB4DC18D2909B00C56BD8 /* REFrostedContainerViewController.m in Sources */ = {isa = PBXBuildFile; fileRef = CD9DB4D218D2909B00C56BD8 /* REFrostedContainerViewController.m */; };
		CD9DB4DD18D2909B00C56BD8 /* REFrostedViewController.m in Sources */ = {isa = PBXBuildFile; fileRef = CD9DB4D418D2909B00C56BD8 /* REFrostedViewController.m */; };
		CD9DB4DE18D2909B00C56BD8 /* UIImage+REFrostedViewController.m in Sources */ = {isa = PBXBuildFile; fileRef = CD9DB4D618D2909B00C56BD8 /* UIImage+REFrostedViewController.m */; };
		CD9DB4DF18D2909B00C56BD8 /* UIView+REFrostedViewController.m in Sources */ = {isa = PBXBuildFile; fileRef = CD9DB4D818D2909B00C56BD8 /* UIView+REFrostedViewController.m */; };
		CD9DB4E018D2909B00C56BD8 /* UIViewController+REFrostedViewController.m in Sources */ = {isa = PBXBuildFile; fileRef = CD9DB4DA18D2909B00C56BD8 /* UIViewController+REFrostedViewController.m */; };
		CD9DB4E418D2913400C56BD8 /* SDURootViewController.m in Sources */ = {isa = PBXBuildFile; fileRef = CD9DB4E318D2913400C56BD8 /* SDURootViewController.m */; };
		CD9DB4EA18D2930900C56BD8 /* SDUMenuViewController.m in Sources */ = {isa = PBXBuildFile; fileRef = CD9DB4E918D2930900C56BD8 /* SDUMenuViewController.m */; };
		CD9DB4F318D2936C00C56BD8 /* SDUNavigationController.m in Sources */ = {isa = PBXBuildFile; fileRef = CD9DB4F218D2936C00C56BD8 /* SDUNavigationController.m */; };
		CD9DB50418D6304C00C56BD8 /* SDUBar.m in Sources */ = {isa = PBXBuildFile; fileRef = CD9DB50318D6304C00C56BD8 /* SDUBar.m */; };
		CD9DB50718D6323100C56BD8 /* SDUBarHomeViewController.m in Sources */ = {isa = PBXBuildFile; fileRef = CD9DB50618D6323100C56BD8 /* SDUBarHomeViewController.m */; };
		CD9DB50A18D632EB00C56BD8 /* SDUBarMapListViewController.m in Sources */ = {isa = PBXBuildFile; fileRef = CD9DB50918D632EB00C56BD8 /* SDUBarMapListViewController.m */; };
		CD9DB50D18D634EA00C56BD8 /* SDUBarListAnnotation.m in Sources */ = {isa = PBXBuildFile; fileRef = CD9DB50C18D634EA00C56BD8 /* SDUBarListAnnotation.m */; };
		CD9DB51018D635E900C56BD8 /* SDUBarDetailViewController.m in Sources */ = {isa = PBXBuildFile; fileRef = CD9DB50F18D635E900C56BD8 /* SDUBarDetailViewController.m */; };
		CD9DB51418D657DF00C56BD8 /* SDUMyListsHomeViewController.m in Sources */ = {isa = PBXBuildFile; fileRef = CD9DB51318D657DF00C56BD8 /* SDUMyListsHomeViewController.m */; };
		CD9DB51F18D7E87B00C56BD8 /* SDUMyRestViewController.m in Sources */ = {isa = PBXBuildFile; fileRef = CD9DB51E18D7E87B00C56BD8 /* SDUMyRestViewController.m */; };
		CD9FCA55196B6389002918BD /* FacebookSDK.framework in Frameworks */ = {isa = PBXBuildFile; fileRef = CD9FCA54196B6389002918BD /* FacebookSDK.framework */; };
		CD9FCA5A196B6BCE002918BD /* SDULoginViewController.m in Sources */ = {isa = PBXBuildFile; fileRef = CD9FCA59196B6BCE002918BD /* SDULoginViewController.m */; };
		CDC84F5818D7F97300FAB326 /* SDUMyRestDetailViewController.m in Sources */ = {isa = PBXBuildFile; fileRef = CDC84F5718D7F97300FAB326 /* SDUMyRestDetailViewController.m */; };
		CDE2415519290813008DD4E4 /* SDUFriendRestMapListViewController.m in Sources */ = {isa = PBXBuildFile; fileRef = CDE2415419290813008DD4E4 /* SDUFriendRestMapListViewController.m */; };
		CDE24158192913AC008DD4E4 /* SDUFriendRestDetailViewController.m in Sources */ = {isa = PBXBuildFile; fileRef = CDE24157192913AC008DD4E4 /* SDUFriendRestDetailViewController.m */; };
		CDE7E86519DA5A470055BAF2 /* SDURestMapListModel.m in Sources */ = {isa = PBXBuildFile; fileRef = CDE7E86419DA5A470055BAF2 /* SDURestMapListModel.m */; };
		CDE7E86819E048F60055BAF2 /* SDUBarMapListModel.m in Sources */ = {isa = PBXBuildFile; fileRef = CDE7E86719E048F60055BAF2 /* SDUBarMapListModel.m */; };
		CDE7E86E19E0B2790055BAF2 /* NSString+NSString_extended.m in Sources */ = {isa = PBXBuildFile; fileRef = CDE7E86D19E0B2790055BAF2 /* NSString+NSString_extended.m */; };
		CDE7E87219E4BE2D0055BAF2 /* SDUSettingsViewController.m in Sources */ = {isa = PBXBuildFile; fileRef = CDE7E87119E4BE2D0055BAF2 /* SDUSettingsViewController.m */; };
		CDFDCD1D19230BDA00943FA5 /* SDUFriend.m in Sources */ = {isa = PBXBuildFile; fileRef = CDFDCD1C19230BDA00943FA5 /* SDUFriend.m */; };
		CDFDCD201927A2BF00943FA5 /* SDUFriendProfileViewController.m in Sources */ = {isa = PBXBuildFile; fileRef = CDFDCD1F1927A2BF00943FA5 /* SDUFriendProfileViewController.m */; };
		CDFDCD231927CC1600943FA5 /* SDUFriendCell.m in Sources */ = {isa = PBXBuildFile; fileRef = CDFDCD221927CC1600943FA5 /* SDUFriendCell.m */; };
/* End PBXBuildFile section */

/* Begin PBXContainerItemProxy section */
		CD9DB44E18C816BB00C56BD8 /* PBXContainerItemProxy */ = {
			isa = PBXContainerItemProxy;
			containerPortal = CD9DB42018C816BB00C56BD8 /* Project object */;
			proxyType = 1;
			remoteGlobalIDString = CD9DB42718C816BB00C56BD8;
			remoteInfo = Ten;
		};
/* End PBXContainerItemProxy section */

/* Begin PBXFileReference section */
		CD84B589191EDBAB003C9705 /* SDUMyFriendsTableViewController.h */ = {isa = PBXFileReference; fileEncoding = 4; lastKnownFileType = sourcecode.c.h; path = SDUMyFriendsTableViewController.h; sourceTree = "<group>"; };
		CD84B58A191EDBAB003C9705 /* SDUMyFriendsTableViewController.m */ = {isa = PBXFileReference; fileEncoding = 4; lastKnownFileType = sourcecode.c.objc; path = SDUMyFriendsTableViewController.m; sourceTree = "<group>"; };
		CD9DB42818C816BB00C56BD8 /* Ten.app */ = {isa = PBXFileReference; explicitFileType = wrapper.application; includeInIndex = 0; path = Ten.app; sourceTree = BUILT_PRODUCTS_DIR; };
		CD9DB42B18C816BB00C56BD8 /* Foundation.framework */ = {isa = PBXFileReference; lastKnownFileType = wrapper.framework; name = Foundation.framework; path = System/Library/Frameworks/Foundation.framework; sourceTree = SDKROOT; };
		CD9DB42D18C816BB00C56BD8 /* CoreGraphics.framework */ = {isa = PBXFileReference; lastKnownFileType = wrapper.framework; name = CoreGraphics.framework; path = System/Library/Frameworks/CoreGraphics.framework; sourceTree = SDKROOT; };
		CD9DB42F18C816BB00C56BD8 /* UIKit.framework */ = {isa = PBXFileReference; lastKnownFileType = wrapper.framework; name = UIKit.framework; path = System/Library/Frameworks/UIKit.framework; sourceTree = SDKROOT; };
		CD9DB43318C816BB00C56BD8 /* Ten-Info.plist */ = {isa = PBXFileReference; lastKnownFileType = text.plist.xml; path = "Ten-Info.plist"; sourceTree = "<group>"; };
		CD9DB43518C816BB00C56BD8 /* en */ = {isa = PBXFileReference; lastKnownFileType = text.plist.strings; name = en; path = en.lproj/InfoPlist.strings; sourceTree = "<group>"; };
		CD9DB43718C816BB00C56BD8 /* main.m */ = {isa = PBXFileReference; lastKnownFileType = sourcecode.c.objc; path = main.m; sourceTree = "<group>"; };
		CD9DB43918C816BB00C56BD8 /* Ten-Prefix.pch */ = {isa = PBXFileReference; lastKnownFileType = sourcecode.c.h; path = "Ten-Prefix.pch"; sourceTree = "<group>"; };
		CD9DB43A18C816BB00C56BD8 /* SDUAppDelegate.h */ = {isa = PBXFileReference; lastKnownFileType = sourcecode.c.h; path = SDUAppDelegate.h; sourceTree = "<group>"; };
		CD9DB43B18C816BB00C56BD8 /* SDUAppDelegate.m */ = {isa = PBXFileReference; lastKnownFileType = sourcecode.c.objc; path = SDUAppDelegate.m; sourceTree = "<group>"; };
		CD9DB43E18C816BB00C56BD8 /* Base */ = {isa = PBXFileReference; lastKnownFileType = file.storyboard; name = Base; path = Base.lproj/Main.storyboard; sourceTree = "<group>"; };
		CD9DB44318C816BB00C56BD8 /* Images.xcassets */ = {isa = PBXFileReference; lastKnownFileType = folder.assetcatalog; path = Images.xcassets; sourceTree = "<group>"; };
		CD9DB44918C816BB00C56BD8 /* TenTests.xctest */ = {isa = PBXFileReference; explicitFileType = wrapper.cfbundle; includeInIndex = 0; path = TenTests.xctest; sourceTree = BUILT_PRODUCTS_DIR; };
		CD9DB44A18C816BB00C56BD8 /* XCTest.framework */ = {isa = PBXFileReference; lastKnownFileType = wrapper.framework; name = XCTest.framework; path = Library/Frameworks/XCTest.framework; sourceTree = DEVELOPER_DIR; };
		CD9DB45218C816BB00C56BD8 /* TenTests-Info.plist */ = {isa = PBXFileReference; lastKnownFileType = text.plist.xml; path = "TenTests-Info.plist"; sourceTree = "<group>"; };
		CD9DB45418C816BB00C56BD8 /* en */ = {isa = PBXFileReference; lastKnownFileType = text.plist.strings; name = en; path = en.lproj/InfoPlist.strings; sourceTree = "<group>"; };
		CD9DB45618C816BB00C56BD8 /* TenTests.m */ = {isa = PBXFileReference; lastKnownFileType = sourcecode.c.objc; path = TenTests.m; sourceTree = "<group>"; };
		CD9DB46018C816C800C56BD8 /* MapKit.framework */ = {isa = PBXFileReference; lastKnownFileType = wrapper.framework; name = MapKit.framework; path = System/Library/Frameworks/MapKit.framework; sourceTree = SDKROOT; };
		CD9DB46218C816D000C56BD8 /* CoreLocation.framework */ = {isa = PBXFileReference; lastKnownFileType = wrapper.framework; name = CoreLocation.framework; path = System/Library/Frameworks/CoreLocation.framework; sourceTree = SDKROOT; };
		CD9DB46418C8171A00C56BD8 /* SDURestHomeViewController.h */ = {isa = PBXFileReference; fileEncoding = 4; lastKnownFileType = sourcecode.c.h; path = SDURestHomeViewController.h; sourceTree = "<group>"; };
		CD9DB46518C8171A00C56BD8 /* SDURestHomeViewController.m */ = {isa = PBXFileReference; fileEncoding = 4; lastKnownFileType = sourcecode.c.objc; path = SDURestHomeViewController.m; sourceTree = "<group>"; };
		CD9DB46718C8173C00C56BD8 /* SDURestMapListViewController.h */ = {isa = PBXFileReference; fileEncoding = 4; lastKnownFileType = sourcecode.c.h; path = SDURestMapListViewController.h; sourceTree = "<group>"; };
		CD9DB46818C8173C00C56BD8 /* SDURestMapListViewController.m */ = {isa = PBXFileReference; fileEncoding = 4; lastKnownFileType = sourcecode.c.objc; path = SDURestMapListViewController.m; sourceTree = "<group>"; };
		CD9DB46A18C8176000C56BD8 /* SDURestListAnnotation.h */ = {isa = PBXFileReference; fileEncoding = 4; lastKnownFileType = sourcecode.c.h; path = SDURestListAnnotation.h; sourceTree = "<group>"; };
		CD9DB46B18C8176000C56BD8 /* SDURestListAnnotation.m */ = {isa = PBXFileReference; fileEncoding = 4; lastKnownFileType = sourcecode.c.objc; path = SDURestListAnnotation.m; sourceTree = "<group>"; };
		CD9DB46D18C8178B00C56BD8 /* SDURestDetailViewController.h */ = {isa = PBXFileReference; fileEncoding = 4; lastKnownFileType = sourcecode.c.h; path = SDURestDetailViewController.h; sourceTree = "<group>"; };
		CD9DB46E18C8178B00C56BD8 /* SDURestDetailViewController.m */ = {isa = PBXFileReference; fileEncoding = 4; lastKnownFileType = sourcecode.c.objc; path = SDURestDetailViewController.m; sourceTree = "<group>"; };
		CD9DB47018C819BD00C56BD8 /* SDURest.h */ = {isa = PBXFileReference; fileEncoding = 4; lastKnownFileType = sourcecode.c.h; path = SDURest.h; sourceTree = "<group>"; };
		CD9DB47118C819BD00C56BD8 /* SDURest.m */ = {isa = PBXFileReference; fileEncoding = 4; lastKnownFileType = sourcecode.c.objc; path = SDURest.m; sourceTree = "<group>"; };
		CD9DB4C018CD54BC00C56BD8 /* SDURegisterViewController.h */ = {isa = PBXFileReference; fileEncoding = 4; lastKnownFileType = sourcecode.c.h; path = SDURegisterViewController.h; sourceTree = "<group>"; };
		CD9DB4C118CD54BC00C56BD8 /* SDURegisterViewController.m */ = {isa = PBXFileReference; fileEncoding = 4; lastKnownFileType = sourcecode.c.objc; path = SDURegisterViewController.m; sourceTree = "<group>"; };
		CD9DB4CF18D2909B00C56BD8 /* RECommonFunctions.h */ = {isa = PBXFileReference; fileEncoding = 4; lastKnownFileType = sourcecode.c.h; path = RECommonFunctions.h; sourceTree = "<group>"; };
		CD9DB4D018D2909B00C56BD8 /* RECommonFunctions.m */ = {isa = PBXFileReference; fileEncoding = 4; lastKnownFileType = sourcecode.c.objc; path = RECommonFunctions.m; sourceTree = "<group>"; };
		CD9DB4D118D2909B00C56BD8 /* REFrostedContainerViewController.h */ = {isa = PBXFileReference; fileEncoding = 4; lastKnownFileType = sourcecode.c.h; path = REFrostedContainerViewController.h; sourceTree = "<group>"; };
		CD9DB4D218D2909B00C56BD8 /* REFrostedContainerViewController.m */ = {isa = PBXFileReference; fileEncoding = 4; lastKnownFileType = sourcecode.c.objc; path = REFrostedContainerViewController.m; sourceTree = "<group>"; };
		CD9DB4D318D2909B00C56BD8 /* REFrostedViewController.h */ = {isa = PBXFileReference; fileEncoding = 4; lastKnownFileType = sourcecode.c.h; path = REFrostedViewController.h; sourceTree = "<group>"; };
		CD9DB4D418D2909B00C56BD8 /* REFrostedViewController.m */ = {isa = PBXFileReference; fileEncoding = 4; lastKnownFileType = sourcecode.c.objc; path = REFrostedViewController.m; sourceTree = "<group>"; };
		CD9DB4D518D2909B00C56BD8 /* UIImage+REFrostedViewController.h */ = {isa = PBXFileReference; fileEncoding = 4; lastKnownFileType = sourcecode.c.h; path = "UIImage+REFrostedViewController.h"; sourceTree = "<group>"; };
		CD9DB4D618D2909B00C56BD8 /* UIImage+REFrostedViewController.m */ = {isa = PBXFileReference; fileEncoding = 4; lastKnownFileType = sourcecode.c.objc; path = "UIImage+REFrostedViewController.m"; sourceTree = "<group>"; };
		CD9DB4D718D2909B00C56BD8 /* UIView+REFrostedViewController.h */ = {isa = PBXFileReference; fileEncoding = 4; lastKnownFileType = sourcecode.c.h; path = "UIView+REFrostedViewController.h"; sourceTree = "<group>"; };
		CD9DB4D818D2909B00C56BD8 /* UIView+REFrostedViewController.m */ = {isa = PBXFileReference; fileEncoding = 4; lastKnownFileType = sourcecode.c.objc; path = "UIView+REFrostedViewController.m"; sourceTree = "<group>"; };
		CD9DB4D918D2909B00C56BD8 /* UIViewController+REFrostedViewController.h */ = {isa = PBXFileReference; fileEncoding = 4; lastKnownFileType = sourcecode.c.h; path = "UIViewController+REFrostedViewController.h"; sourceTree = "<group>"; };
		CD9DB4DA18D2909B00C56BD8 /* UIViewController+REFrostedViewController.m */ = {isa = PBXFileReference; fileEncoding = 4; lastKnownFileType = sourcecode.c.objc; path = "UIViewController+REFrostedViewController.m"; sourceTree = "<group>"; };
		CD9DB4E218D2913400C56BD8 /* SDURootViewController.h */ = {isa = PBXFileReference; fileEncoding = 4; lastKnownFileType = sourcecode.c.h; path = SDURootViewController.h; sourceTree = "<group>"; };
		CD9DB4E318D2913400C56BD8 /* SDURootViewController.m */ = {isa = PBXFileReference; fileEncoding = 4; lastKnownFileType = sourcecode.c.objc; path = SDURootViewController.m; sourceTree = "<group>"; };
		CD9DB4E818D2930900C56BD8 /* SDUMenuViewController.h */ = {isa = PBXFileReference; fileEncoding = 4; lastKnownFileType = sourcecode.c.h; path = SDUMenuViewController.h; sourceTree = "<group>"; };
		CD9DB4E918D2930900C56BD8 /* SDUMenuViewController.m */ = {isa = PBXFileReference; fileEncoding = 4; lastKnownFileType = sourcecode.c.objc; path = SDUMenuViewController.m; sourceTree = "<group>"; };
		CD9DB4F118D2936C00C56BD8 /* SDUNavigationController.h */ = {isa = PBXFileReference; fileEncoding = 4; lastKnownFileType = sourcecode.c.h; path = SDUNavigationController.h; sourceTree = "<group>"; };
		CD9DB4F218D2936C00C56BD8 /* SDUNavigationController.m */ = {isa = PBXFileReference; fileEncoding = 4; lastKnownFileType = sourcecode.c.objc; path = SDUNavigationController.m; sourceTree = "<group>"; };
		CD9DB50218D6304C00C56BD8 /* SDUBar.h */ = {isa = PBXFileReference; fileEncoding = 4; lastKnownFileType = sourcecode.c.h; path = SDUBar.h; sourceTree = "<group>"; };
		CD9DB50318D6304C00C56BD8 /* SDUBar.m */ = {isa = PBXFileReference; fileEncoding = 4; lastKnownFileType = sourcecode.c.objc; path = SDUBar.m; sourceTree = "<group>"; };
		CD9DB50518D6323100C56BD8 /* SDUBarHomeViewController.h */ = {isa = PBXFileReference; fileEncoding = 4; lastKnownFileType = sourcecode.c.h; path = SDUBarHomeViewController.h; sourceTree = "<group>"; };
		CD9DB50618D6323100C56BD8 /* SDUBarHomeViewController.m */ = {isa = PBXFileReference; fileEncoding = 4; lastKnownFileType = sourcecode.c.objc; path = SDUBarHomeViewController.m; sourceTree = "<group>"; };
		CD9DB50818D632EB00C56BD8 /* SDUBarMapListViewController.h */ = {isa = PBXFileReference; fileEncoding = 4; lastKnownFileType = sourcecode.c.h; path = SDUBarMapListViewController.h; sourceTree = "<group>"; };
		CD9DB50918D632EB00C56BD8 /* SDUBarMapListViewController.m */ = {isa = PBXFileReference; fileEncoding = 4; lastKnownFileType = sourcecode.c.objc; path = SDUBarMapListViewController.m; sourceTree = "<group>"; };
		CD9DB50B18D634EA00C56BD8 /* SDUBarListAnnotation.h */ = {isa = PBXFileReference; fileEncoding = 4; lastKnownFileType = sourcecode.c.h; path = SDUBarListAnnotation.h; sourceTree = "<group>"; };
		CD9DB50C18D634EA00C56BD8 /* SDUBarListAnnotation.m */ = {isa = PBXFileReference; fileEncoding = 4; lastKnownFileType = sourcecode.c.objc; path = SDUBarListAnnotation.m; sourceTree = "<group>"; };
		CD9DB50E18D635E900C56BD8 /* SDUBarDetailViewController.h */ = {isa = PBXFileReference; fileEncoding = 4; lastKnownFileType = sourcecode.c.h; path = SDUBarDetailViewController.h; sourceTree = "<group>"; };
		CD9DB50F18D635E900C56BD8 /* SDUBarDetailViewController.m */ = {isa = PBXFileReference; fileEncoding = 4; lastKnownFileType = sourcecode.c.objc; path = SDUBarDetailViewController.m; sourceTree = "<group>"; };
		CD9DB51218D657DF00C56BD8 /* SDUMyListsHomeViewController.h */ = {isa = PBXFileReference; fileEncoding = 4; lastKnownFileType = sourcecode.c.h; path = SDUMyListsHomeViewController.h; sourceTree = "<group>"; };
		CD9DB51318D657DF00C56BD8 /* SDUMyListsHomeViewController.m */ = {isa = PBXFileReference; fileEncoding = 4; lastKnownFileType = sourcecode.c.objc; path = SDUMyListsHomeViewController.m; sourceTree = "<group>"; };
		CD9DB51D18D7E87B00C56BD8 /* SDUMyRestViewController.h */ = {isa = PBXFileReference; fileEncoding = 4; lastKnownFileType = sourcecode.c.h; path = SDUMyRestViewController.h; sourceTree = "<group>"; };
		CD9DB51E18D7E87B00C56BD8 /* SDUMyRestViewController.m */ = {isa = PBXFileReference; fileEncoding = 4; lastKnownFileType = sourcecode.c.objc; path = SDUMyRestViewController.m; sourceTree = "<group>"; };
		CD9FCA54196B6389002918BD /* FacebookSDK.framework */ = {isa = PBXFileReference; lastKnownFileType = wrapper.framework; path = FacebookSDK.framework; sourceTree = "<group>"; };
		CD9FCA58196B6BCE002918BD /* SDULoginViewController.h */ = {isa = PBXFileReference; fileEncoding = 4; lastKnownFileType = sourcecode.c.h; path = SDULoginViewController.h; sourceTree = "<group>"; };
		CD9FCA59196B6BCE002918BD /* SDULoginViewController.m */ = {isa = PBXFileReference; fileEncoding = 4; lastKnownFileType = sourcecode.c.objc; path = SDULoginViewController.m; sourceTree = "<group>"; };
		CDC84F5618D7F97300FAB326 /* SDUMyRestDetailViewController.h */ = {isa = PBXFileReference; fileEncoding = 4; lastKnownFileType = sourcecode.c.h; path = SDUMyRestDetailViewController.h; sourceTree = "<group>"; };
		CDC84F5718D7F97300FAB326 /* SDUMyRestDetailViewController.m */ = {isa = PBXFileReference; fileEncoding = 4; lastKnownFileType = sourcecode.c.objc; path = SDUMyRestDetailViewController.m; sourceTree = "<group>"; };
		CDE2415319290813008DD4E4 /* SDUFriendRestMapListViewController.h */ = {isa = PBXFileReference; fileEncoding = 4; lastKnownFileType = sourcecode.c.h; path = SDUFriendRestMapListViewController.h; sourceTree = "<group>"; };
		CDE2415419290813008DD4E4 /* SDUFriendRestMapListViewController.m */ = {isa = PBXFileReference; fileEncoding = 4; lastKnownFileType = sourcecode.c.objc; path = SDUFriendRestMapListViewController.m; sourceTree = "<group>"; };
		CDE24156192913AC008DD4E4 /* SDUFriendRestDetailViewController.h */ = {isa = PBXFileReference; fileEncoding = 4; lastKnownFileType = sourcecode.c.h; path = SDUFriendRestDetailViewController.h; sourceTree = "<group>"; };
		CDE24157192913AC008DD4E4 /* SDUFriendRestDetailViewController.m */ = {isa = PBXFileReference; fileEncoding = 4; lastKnownFileType = sourcecode.c.objc; path = SDUFriendRestDetailViewController.m; sourceTree = "<group>"; };
		CDE7E86319DA5A470055BAF2 /* SDURestMapListModel.h */ = {isa = PBXFileReference; fileEncoding = 4; lastKnownFileType = sourcecode.c.h; path = SDURestMapListModel.h; sourceTree = "<group>"; };
		CDE7E86419DA5A470055BAF2 /* SDURestMapListModel.m */ = {isa = PBXFileReference; fileEncoding = 4; lastKnownFileType = sourcecode.c.objc; path = SDURestMapListModel.m; sourceTree = "<group>"; };
		CDE7E86619E048F60055BAF2 /* SDUBarMapListModel.h */ = {isa = PBXFileReference; fileEncoding = 4; lastKnownFileType = sourcecode.c.h; path = SDUBarMapListModel.h; sourceTree = "<group>"; };
		CDE7E86719E048F60055BAF2 /* SDUBarMapListModel.m */ = {isa = PBXFileReference; fileEncoding = 4; lastKnownFileType = sourcecode.c.objc; path = SDUBarMapListModel.m; sourceTree = "<group>"; };
		CDE7E86C19E0B2790055BAF2 /* NSString+NSString_extended.h */ = {isa = PBXFileReference; fileEncoding = 4; lastKnownFileType = sourcecode.c.h; name = "NSString+NSString_extended.h"; path = "Ten/NSString+NSString_extended.h"; sourceTree = "<group>"; };
		CDE7E86D19E0B2790055BAF2 /* NSString+NSString_extended.m */ = {isa = PBXFileReference; fileEncoding = 4; lastKnownFileType = sourcecode.c.objc; name = "NSString+NSString_extended.m"; path = "Ten/NSString+NSString_extended.m"; sourceTree = "<group>"; };
		CDE7E87019E4BE2D0055BAF2 /* SDUSettingsViewController.h */ = {isa = PBXFileReference; fileEncoding = 4; lastKnownFileType = sourcecode.c.h; path = SDUSettingsViewController.h; sourceTree = "<group>"; };
		CDE7E87119E4BE2D0055BAF2 /* SDUSettingsViewController.m */ = {isa = PBXFileReference; fileEncoding = 4; lastKnownFileType = sourcecode.c.objc; path = SDUSettingsViewController.m; sourceTree = "<group>"; };
		CDFDCD1B19230BDA00943FA5 /* SDUFriend.h */ = {isa = PBXFileReference; fileEncoding = 4; lastKnownFileType = sourcecode.c.h; path = SDUFriend.h; sourceTree = "<group>"; };
		CDFDCD1C19230BDA00943FA5 /* SDUFriend.m */ = {isa = PBXFileReference; fileEncoding = 4; lastKnownFileType = sourcecode.c.objc; path = SDUFriend.m; sourceTree = "<group>"; };
		CDFDCD1E1927A2BF00943FA5 /* SDUFriendProfileViewController.h */ = {isa = PBXFileReference; fileEncoding = 4; lastKnownFileType = sourcecode.c.h; path = SDUFriendProfileViewController.h; sourceTree = "<group>"; };
		CDFDCD1F1927A2BF00943FA5 /* SDUFriendProfileViewController.m */ = {isa = PBXFileReference; fileEncoding = 4; lastKnownFileType = sourcecode.c.objc; path = SDUFriendProfileViewController.m; sourceTree = "<group>"; };
		CDFDCD211927CC1600943FA5 /* SDUFriendCell.h */ = {isa = PBXFileReference; fileEncoding = 4; lastKnownFileType = sourcecode.c.h; path = SDUFriendCell.h; sourceTree = "<group>"; };
		CDFDCD221927CC1600943FA5 /* SDUFriendCell.m */ = {isa = PBXFileReference; fileEncoding = 4; lastKnownFileType = sourcecode.c.objc; path = SDUFriendCell.m; sourceTree = "<group>"; };
/* End PBXFileReference section */

/* Begin PBXFrameworksBuildPhase section */
		CD9DB42518C816BB00C56BD8 /* Frameworks */ = {
			isa = PBXFrameworksBuildPhase;
			buildActionMask = 2147483647;
			files = (
				CD9DB46318C816D000C56BD8 /* CoreLocation.framework in Frameworks */,
				CD9DB46118C816C800C56BD8 /* MapKit.framework in Frameworks */,
				CD9DB42E18C816BB00C56BD8 /* CoreGraphics.framework in Frameworks */,
				CD9DB43018C816BB00C56BD8 /* UIKit.framework in Frameworks */,
				CD9DB42C18C816BB00C56BD8 /* Foundation.framework in Frameworks */,
				CD9FCA55196B6389002918BD /* FacebookSDK.framework in Frameworks */,
			);
			runOnlyForDeploymentPostprocessing = 0;
		};
		CD9DB44618C816BB00C56BD8 /* Frameworks */ = {
			isa = PBXFrameworksBuildPhase;
			buildActionMask = 2147483647;
			files = (
				CD9DB44B18C816BB00C56BD8 /* XCTest.framework in Frameworks */,
				CD9DB44D18C816BB00C56BD8 /* UIKit.framework in Frameworks */,
				CD9DB44C18C816BB00C56BD8 /* Foundation.framework in Frameworks */,
			);
			runOnlyForDeploymentPostprocessing = 0;
		};
/* End PBXFrameworksBuildPhase section */

/* Begin PBXGroup section */
		CD9DB41F18C816BB00C56BD8 = {
			isa = PBXGroup;
			children = (
				CDE7E86C19E0B2790055BAF2 /* NSString+NSString_extended.h */,
				CDE7E86D19E0B2790055BAF2 /* NSString+NSString_extended.m */,
				CD9DB43118C816BB00C56BD8 /* Ten */,
				CD9DB45018C816BB00C56BD8 /* TenTests */,
				CD9DB42A18C816BB00C56BD8 /* Frameworks */,
				CD9DB42918C816BB00C56BD8 /* Products */,
			);
			sourceTree = "<group>";
		};
		CD9DB42918C816BB00C56BD8 /* Products */ = {
			isa = PBXGroup;
			children = (
				CD9DB42818C816BB00C56BD8 /* Ten.app */,
				CD9DB44918C816BB00C56BD8 /* TenTests.xctest */,
			);
			name = Products;
			sourceTree = "<group>";
		};
		CD9DB42A18C816BB00C56BD8 /* Frameworks */ = {
			isa = PBXGroup;
			children = (
				CD9FCA54196B6389002918BD /* FacebookSDK.framework */,
				CD9DB46218C816D000C56BD8 /* CoreLocation.framework */,
				CD9DB46018C816C800C56BD8 /* MapKit.framework */,
				CD9DB42B18C816BB00C56BD8 /* Foundation.framework */,
				CD9DB42D18C816BB00C56BD8 /* CoreGraphics.framework */,
				CD9DB42F18C816BB00C56BD8 /* UIKit.framework */,
				CD9DB44A18C816BB00C56BD8 /* XCTest.framework */,
			);
			name = Frameworks;
			sourceTree = "<group>";
		};
		CD9DB43118C816BB00C56BD8 /* Ten */ = {
			isa = PBXGroup;
			children = (
				CD9DB43D18C816BB00C56BD8 /* Main.storyboard */,
				CD9DB4E118D290B600C56BD8 /* SlideOutViewControllers */,
				CD9DB4C518D12B5F00C56BD8 /* Home */,
				CD9DB4C318D12A9200C56BD8 /* RestView */,
				CD9DB50118D6300F00C56BD8 /* BarView */,
				CD9DB51118D657AE00C56BD8 /* MyLists */,
				CD9DB51518D68EC100C56BD8 /* Friends */,
				CDE7E86F19E4BDB40055BAF2 /* Settings */,
				CDFDCD251927DEC000943FA5 /* Common */,
				CD9DB43A18C816BB00C56BD8 /* SDUAppDelegate.h */,
				CD9DB43B18C816BB00C56BD8 /* SDUAppDelegate.m */,
				CD9DB4CE18D2909B00C56BD8 /* REFrostedViewController */,
				CD9DB44318C816BB00C56BD8 /* Images.xcassets */,
				CD9DB43218C816BB00C56BD8 /* Supporting Files */,
			);
			path = Ten;
			sourceTree = "<group>";
		};
		CD9DB43218C816BB00C56BD8 /* Supporting Files */ = {
			isa = PBXGroup;
			children = (
				CD9DB43318C816BB00C56BD8 /* Ten-Info.plist */,
				CD9DB43418C816BB00C56BD8 /* InfoPlist.strings */,
				CD9DB43718C816BB00C56BD8 /* main.m */,
				CD9DB43918C816BB00C56BD8 /* Ten-Prefix.pch */,
			);
			name = "Supporting Files";
			sourceTree = "<group>";
		};
		CD9DB45018C816BB00C56BD8 /* TenTests */ = {
			isa = PBXGroup;
			children = (
				CD9DB45618C816BB00C56BD8 /* TenTests.m */,
				CD9DB45118C816BB00C56BD8 /* Supporting Files */,
			);
			path = TenTests;
			sourceTree = "<group>";
		};
		CD9DB45118C816BB00C56BD8 /* Supporting Files */ = {
			isa = PBXGroup;
			children = (
				CD9DB45218C816BB00C56BD8 /* TenTests-Info.plist */,
				CD9DB45318C816BB00C56BD8 /* InfoPlist.strings */,
			);
			name = "Supporting Files";
			sourceTree = "<group>";
		};
		CD9DB4C318D12A9200C56BD8 /* RestView */ = {
			isa = PBXGroup;
			children = (
				CD9DB46418C8171A00C56BD8 /* SDURestHomeViewController.h */,
				CD9DB46518C8171A00C56BD8 /* SDURestHomeViewController.m */,
				CD9DB46718C8173C00C56BD8 /* SDURestMapListViewController.h */,
				CD9DB46818C8173C00C56BD8 /* SDURestMapListViewController.m */,
				CDE7E86319DA5A470055BAF2 /* SDURestMapListModel.h */,
				CDE7E86419DA5A470055BAF2 /* SDURestMapListModel.m */,
				CD9DB46D18C8178B00C56BD8 /* SDURestDetailViewController.h */,
				CD9DB46E18C8178B00C56BD8 /* SDURestDetailViewController.m */,
			);
			name = RestView;
			sourceTree = "<group>";
		};
		CD9DB4C518D12B5F00C56BD8 /* Home */ = {
			isa = PBXGroup;
			children = (
				CD9DB4C018CD54BC00C56BD8 /* SDURegisterViewController.h */,
				CD9DB4C118CD54BC00C56BD8 /* SDURegisterViewController.m */,
				CD9FCA58196B6BCE002918BD /* SDULoginViewController.h */,
				CD9FCA59196B6BCE002918BD /* SDULoginViewController.m */,
			);
			name = Home;
			sourceTree = "<group>";
		};
		CD9DB4CE18D2909B00C56BD8 /* REFrostedViewController */ = {
			isa = PBXGroup;
			children = (
				CD9DB4CF18D2909B00C56BD8 /* RECommonFunctions.h */,
				CD9DB4D018D2909B00C56BD8 /* RECommonFunctions.m */,
				CD9DB4D118D2909B00C56BD8 /* REFrostedContainerViewController.h */,
				CD9DB4D218D2909B00C56BD8 /* REFrostedContainerViewController.m */,
				CD9DB4D318D2909B00C56BD8 /* REFrostedViewController.h */,
				CD9DB4D418D2909B00C56BD8 /* REFrostedViewController.m */,
				CD9DB4D518D2909B00C56BD8 /* UIImage+REFrostedViewController.h */,
				CD9DB4D618D2909B00C56BD8 /* UIImage+REFrostedViewController.m */,
				CD9DB4D718D2909B00C56BD8 /* UIView+REFrostedViewController.h */,
				CD9DB4D818D2909B00C56BD8 /* UIView+REFrostedViewController.m */,
				CD9DB4D918D2909B00C56BD8 /* UIViewController+REFrostedViewController.h */,
				CD9DB4DA18D2909B00C56BD8 /* UIViewController+REFrostedViewController.m */,
			);
			path = REFrostedViewController;
			sourceTree = "<group>";
		};
		CD9DB4E118D290B600C56BD8 /* SlideOutViewControllers */ = {
			isa = PBXGroup;
			children = (
				CD9DB4E218D2913400C56BD8 /* SDURootViewController.h */,
				CD9DB4E318D2913400C56BD8 /* SDURootViewController.m */,
				CD9DB4E818D2930900C56BD8 /* SDUMenuViewController.h */,
				CD9DB4E918D2930900C56BD8 /* SDUMenuViewController.m */,
				CD9DB4F118D2936C00C56BD8 /* SDUNavigationController.h */,
				CD9DB4F218D2936C00C56BD8 /* SDUNavigationController.m */,
			);
			name = SlideOutViewControllers;
			sourceTree = "<group>";
		};
		CD9DB50118D6300F00C56BD8 /* BarView */ = {
			isa = PBXGroup;
			children = (
				CD9DB50518D6323100C56BD8 /* SDUBarHomeViewController.h */,
				CD9DB50618D6323100C56BD8 /* SDUBarHomeViewController.m */,
				CD9DB50818D632EB00C56BD8 /* SDUBarMapListViewController.h */,
				CD9DB50918D632EB00C56BD8 /* SDUBarMapListViewController.m */,
				CDE7E86619E048F60055BAF2 /* SDUBarMapListModel.h */,
				CDE7E86719E048F60055BAF2 /* SDUBarMapListModel.m */,
				CD9DB50E18D635E900C56BD8 /* SDUBarDetailViewController.h */,
				CD9DB50F18D635E900C56BD8 /* SDUBarDetailViewController.m */,
			);
			name = BarView;
			sourceTree = "<group>";
		};
		CD9DB51118D657AE00C56BD8 /* MyLists */ = {
			isa = PBXGroup;
			children = (
				CD9DB51218D657DF00C56BD8 /* SDUMyListsHomeViewController.h */,
				CD9DB51318D657DF00C56BD8 /* SDUMyListsHomeViewController.m */,
				CD9DB51618D7E23C00C56BD8 /* MyRestaurants */,
			);
			name = MyLists;
			sourceTree = "<group>";
		};
		CD9DB51518D68EC100C56BD8 /* Friends */ = {
			isa = PBXGroup;
			children = (
				CD84B589191EDBAB003C9705 /* SDUMyFriendsTableViewController.h */,
				CD84B58A191EDBAB003C9705 /* SDUMyFriendsTableViewController.m */,
				CDFDCD1E1927A2BF00943FA5 /* SDUFriendProfileViewController.h */,
				CDFDCD1F1927A2BF00943FA5 /* SDUFriendProfileViewController.m */,
				CDE2415319290813008DD4E4 /* SDUFriendRestMapListViewController.h */,
				CDE2415419290813008DD4E4 /* SDUFriendRestMapListViewController.m */,
				CDE24156192913AC008DD4E4 /* SDUFriendRestDetailViewController.h */,
				CDE24157192913AC008DD4E4 /* SDUFriendRestDetailViewController.m */,
			);
			name = Friends;
			sourceTree = "<group>";
		};
		CD9DB51618D7E23C00C56BD8 /* MyRestaurants */ = {
			isa = PBXGroup;
			children = (
				CD9DB51D18D7E87B00C56BD8 /* SDUMyRestViewController.h */,
				CD9DB51E18D7E87B00C56BD8 /* SDUMyRestViewController.m */,
				CDC84F5618D7F97300FAB326 /* SDUMyRestDetailViewController.h */,
				CDC84F5718D7F97300FAB326 /* SDUMyRestDetailViewController.m */,
			);
			name = MyRestaurants;
			sourceTree = "<group>";
		};
		CDE7E86F19E4BDB40055BAF2 /* Settings */ = {
			isa = PBXGroup;
			children = (
				CDE7E87019E4BE2D0055BAF2 /* SDUSettingsViewController.h */,
				CDE7E87119E4BE2D0055BAF2 /* SDUSettingsViewController.m */,
			);
			name = Settings;
			sourceTree = "<group>";
		};
		CDFDCD251927DEC000943FA5 /* Common */ = {
			isa = PBXGroup;
			children = (
				CD9DB46A18C8176000C56BD8 /* SDURestListAnnotation.h */,
				CD9DB46B18C8176000C56BD8 /* SDURestListAnnotation.m */,
				CD9DB50B18D634EA00C56BD8 /* SDUBarListAnnotation.h */,
				CD9DB50C18D634EA00C56BD8 /* SDUBarListAnnotation.m */,
				CDFDCD211927CC1600943FA5 /* SDUFriendCell.h */,
				CDFDCD221927CC1600943FA5 /* SDUFriendCell.m */,
				CD9DB47018C819BD00C56BD8 /* SDURest.h */,
				CD9DB47118C819BD00C56BD8 /* SDURest.m */,
				CD9DB50218D6304C00C56BD8 /* SDUBar.h */,
				CD9DB50318D6304C00C56BD8 /* SDUBar.m */,
				CDFDCD1B19230BDA00943FA5 /* SDUFriend.h */,
				CDFDCD1C19230BDA00943FA5 /* SDUFriend.m */,
			);
			name = Common;
			sourceTree = "<group>";
		};
/* End PBXGroup section */

/* Begin PBXNativeTarget section */
		CD9DB42718C816BB00C56BD8 /* Ten */ = {
			isa = PBXNativeTarget;
			buildConfigurationList = CD9DB45A18C816BB00C56BD8 /* Build configuration list for PBXNativeTarget "Ten" */;
			buildPhases = (
				CD9DB42418C816BB00C56BD8 /* Sources */,
				CD9DB42518C816BB00C56BD8 /* Frameworks */,
				CD9DB42618C816BB00C56BD8 /* Resources */,
			);
			buildRules = (
			);
			dependencies = (
			);
			name = Ten;
			productName = Ten;
			productReference = CD9DB42818C816BB00C56BD8 /* Ten.app */;
			productType = "com.apple.product-type.application";
		};
		CD9DB44818C816BB00C56BD8 /* TenTests */ = {
			isa = PBXNativeTarget;
			buildConfigurationList = CD9DB45D18C816BB00C56BD8 /* Build configuration list for PBXNativeTarget "TenTests" */;
			buildPhases = (
				CD9DB44518C816BB00C56BD8 /* Sources */,
				CD9DB44618C816BB00C56BD8 /* Frameworks */,
				CD9DB44718C816BB00C56BD8 /* Resources */,
			);
			buildRules = (
			);
			dependencies = (
				CD9DB44F18C816BB00C56BD8 /* PBXTargetDependency */,
			);
			name = TenTests;
			productName = TenTests;
			productReference = CD9DB44918C816BB00C56BD8 /* TenTests.xctest */;
			productType = "com.apple.product-type.bundle.unit-test";
		};
/* End PBXNativeTarget section */

/* Begin PBXProject section */
		CD9DB42018C816BB00C56BD8 /* Project object */ = {
			isa = PBXProject;
			attributes = {
				CLASSPREFIX = SDU;
				LastUpgradeCheck = 0600;
				ORGANIZATIONNAME = "Stanislas Duthoit";
				TargetAttributes = {
					CD9DB44818C816BB00C56BD8 = {
						TestTargetID = CD9DB42718C816BB00C56BD8;
					};
				};
			};
			buildConfigurationList = CD9DB42318C816BB00C56BD8 /* Build configuration list for PBXProject "Ten" */;
			compatibilityVersion = "Xcode 3.2";
			developmentRegion = English;
			hasScannedForEncodings = 0;
			knownRegions = (
				en,
				Base,
			);
			mainGroup = CD9DB41F18C816BB00C56BD8;
			productRefGroup = CD9DB42918C816BB00C56BD8 /* Products */;
			projectDirPath = "";
			projectRoot = "";
			targets = (
				CD9DB42718C816BB00C56BD8 /* Ten */,
				CD9DB44818C816BB00C56BD8 /* TenTests */,
			);
		};
/* End PBXProject section */

/* Begin PBXResourcesBuildPhase section */
		CD9DB42618C816BB00C56BD8 /* Resources */ = {
			isa = PBXResourcesBuildPhase;
			buildActionMask = 2147483647;
			files = (
				CD9DB44418C816BB00C56BD8 /* Images.xcassets in Resources */,
				CD9DB43618C816BB00C56BD8 /* InfoPlist.strings in Resources */,
				CD9DB43F18C816BB00C56BD8 /* Main.storyboard in Resources */,
			);
			runOnlyForDeploymentPostprocessing = 0;
		};
		CD9DB44718C816BB00C56BD8 /* Resources */ = {
			isa = PBXResourcesBuildPhase;
			buildActionMask = 2147483647;
			files = (
				CD9DB45518C816BB00C56BD8 /* InfoPlist.strings in Resources */,
			);
			runOnlyForDeploymentPostprocessing = 0;
		};
/* End PBXResourcesBuildPhase section */

/* Begin PBXSourcesBuildPhase section */
		CD9DB42418C816BB00C56BD8 /* Sources */ = {
			isa = PBXSourcesBuildPhase;
			buildActionMask = 2147483647;
			files = (
				CD84B58B191EDBAB003C9705 /* SDUMyFriendsTableViewController.m in Sources */,
				CD9DB50D18D634EA00C56BD8 /* SDUBarListAnnotation.m in Sources */,
				CDFDCD201927A2BF00943FA5 /* SDUFriendProfileViewController.m in Sources */,
				CD9DB50418D6304C00C56BD8 /* SDUBar.m in Sources */,
				CD9DB51018D635E900C56BD8 /* SDUBarDetailViewController.m in Sources */,
				CD9DB46618C8171A00C56BD8 /* SDURestHomeViewController.m in Sources */,
				CD9DB50A18D632EB00C56BD8 /* SDUBarMapListViewController.m in Sources */,
				CD9DB4DB18D2909B00C56BD8 /* RECommonFunctions.m in Sources */,
				CD9DB4F318D2936C00C56BD8 /* SDUNavigationController.m in Sources */,
				CDE24158192913AC008DD4E4 /* SDUFriendRestDetailViewController.m in Sources */,
				CD9DB46C18C8176000C56BD8 /* SDURestListAnnotation.m in Sources */,
				CDE7E86E19E0B2790055BAF2 /* NSString+NSString_extended.m in Sources */,
				CD9DB46F18C8178B00C56BD8 /* SDURestDetailViewController.m in Sources */,
				CD9DB4EA18D2930900C56BD8 /* SDUMenuViewController.m in Sources */,
				CD9DB46918C8173C00C56BD8 /* SDURestMapListViewController.m in Sources */,
				CD9DB51F18D7E87B00C56BD8 /* SDUMyRestViewController.m in Sources */,
				CDE2415519290813008DD4E4 /* SDUFriendRestMapListViewController.m in Sources */,
				CDE7E86519DA5A470055BAF2 /* SDURestMapListModel.m in Sources */,
				CD9DB4DF18D2909B00C56BD8 /* UIView+REFrostedViewController.m in Sources */,
				CD9DB4E418D2913400C56BD8 /* SDURootViewController.m in Sources */,
				CD9DB50718D6323100C56BD8 /* SDUBarHomeViewController.m in Sources */,
				CD9DB4DD18D2909B00C56BD8 /* REFrostedViewController.m in Sources */,
				CD9DB4DC18D2909B00C56BD8 /* REFrostedContainerViewController.m in Sources */,
				CDFDCD1D19230BDA00943FA5 /* SDUFriend.m in Sources */,
				CD9DB4DE18D2909B00C56BD8 /* UIImage+REFrostedViewController.m in Sources */,
				CD9FCA5A196B6BCE002918BD /* SDULoginViewController.m in Sources */,
				CDE7E87219E4BE2D0055BAF2 /* SDUSettingsViewController.m in Sources */,
				CD9DB47218C819BD00C56BD8 /* SDURest.m in Sources */,
				CD9DB51418D657DF00C56BD8 /* SDUMyListsHomeViewController.m in Sources */,
				CD9DB43818C816BB00C56BD8 /* main.m in Sources */,
				CDFDCD231927CC1600943FA5 /* SDUFriendCell.m in Sources */,
				CDC84F5818D7F97300FAB326 /* SDUMyRestDetailViewController.m in Sources */,
				CD9DB4C218CD54BC00C56BD8 /* SDURegisterViewController.m in Sources */,
				CD9DB4E018D2909B00C56BD8 /* UIViewController+REFrostedViewController.m in Sources */,
				CD9DB43C18C816BB00C56BD8 /* SDUAppDelegate.m in Sources */,
				CDE7E86819E048F60055BAF2 /* SDUBarMapListModel.m in Sources */,
			);
			runOnlyForDeploymentPostprocessing = 0;
		};
		CD9DB44518C816BB00C56BD8 /* Sources */ = {
			isa = PBXSourcesBuildPhase;
			buildActionMask = 2147483647;
			files = (
				CD9DB45718C816BB00C56BD8 /* TenTests.m in Sources */,
			);
			runOnlyForDeploymentPostprocessing = 0;
		};
/* End PBXSourcesBuildPhase section */

/* Begin PBXTargetDependency section */
		CD9DB44F18C816BB00C56BD8 /* PBXTargetDependency */ = {
			isa = PBXTargetDependency;
			target = CD9DB42718C816BB00C56BD8 /* Ten */;
			targetProxy = CD9DB44E18C816BB00C56BD8 /* PBXContainerItemProxy */;
		};
/* End PBXTargetDependency section */

/* Begin PBXVariantGroup section */
		CD9DB43418C816BB00C56BD8 /* InfoPlist.strings */ = {
			isa = PBXVariantGroup;
			children = (
				CD9DB43518C816BB00C56BD8 /* en */,
			);
			name = InfoPlist.strings;
			sourceTree = "<group>";
		};
		CD9DB43D18C816BB00C56BD8 /* Main.storyboard */ = {
			isa = PBXVariantGroup;
			children = (
				CD9DB43E18C816BB00C56BD8 /* Base */,
			);
			name = Main.storyboard;
			sourceTree = "<group>";
		};
		CD9DB45318C816BB00C56BD8 /* InfoPlist.strings */ = {
			isa = PBXVariantGroup;
			children = (
				CD9DB45418C816BB00C56BD8 /* en */,
			);
			name = InfoPlist.strings;
			sourceTree = "<group>";
		};
/* End PBXVariantGroup section */

/* Begin XCBuildConfiguration section */
		CD9DB45818C816BB00C56BD8 /* Debug */ = {
			isa = XCBuildConfiguration;
			buildSettings = {
				ALWAYS_SEARCH_USER_PATHS = NO;
				CLANG_CXX_LANGUAGE_STANDARD = "gnu++0x";
				CLANG_CXX_LIBRARY = "libc++";
				CLANG_ENABLE_MODULES = YES;
				CLANG_ENABLE_OBJC_ARC = YES;
				CLANG_WARN_BOOL_CONVERSION = YES;
				CLANG_WARN_CONSTANT_CONVERSION = YES;
				CLANG_WARN_DIRECT_OBJC_ISA_USAGE = YES_ERROR;
				CLANG_WARN_EMPTY_BODY = YES;
				CLANG_WARN_ENUM_CONVERSION = YES;
				CLANG_WARN_INT_CONVERSION = YES;
				CLANG_WARN_OBJC_ROOT_CLASS = YES_ERROR;
				CLANG_WARN__DUPLICATE_METHOD_MATCH = YES;
				"CODE_SIGN_IDENTITY[sdk=iphoneos*]" = "iPhone Developer";
				COPY_PHASE_STRIP = NO;
				GCC_C_LANGUAGE_STANDARD = gnu99;
				GCC_DYNAMIC_NO_PIC = NO;
				GCC_OPTIMIZATION_LEVEL = 0;
				GCC_PREPROCESSOR_DEFINITIONS = (
					"DEBUG=1",
					"$(inherited)",
				);
				GCC_SYMBOLS_PRIVATE_EXTERN = NO;
				GCC_WARN_64_TO_32_BIT_CONVERSION = YES;
				GCC_WARN_ABOUT_RETURN_TYPE = YES_ERROR;
				GCC_WARN_UNDECLARED_SELECTOR = YES;
				GCC_WARN_UNINITIALIZED_AUTOS = YES;
				GCC_WARN_UNUSED_FUNCTION = YES;
				GCC_WARN_UNUSED_VARIABLE = YES;
				IPHONEOS_DEPLOYMENT_TARGET = 8.0;
				ONLY_ACTIVE_ARCH = YES;
				SDKROOT = iphoneos;
			};
			name = Debug;
		};
		CD9DB45918C816BB00C56BD8 /* Release */ = {
			isa = XCBuildConfiguration;
			buildSettings = {
				ALWAYS_SEARCH_USER_PATHS = NO;
				CLANG_CXX_LANGUAGE_STANDARD = "gnu++0x";
				CLANG_CXX_LIBRARY = "libc++";
				CLANG_ENABLE_MODULES = YES;
				CLANG_ENABLE_OBJC_ARC = YES;
				CLANG_WARN_BOOL_CONVERSION = YES;
				CLANG_WARN_CONSTANT_CONVERSION = YES;
				CLANG_WARN_DIRECT_OBJC_ISA_USAGE = YES_ERROR;
				CLANG_WARN_EMPTY_BODY = YES;
				CLANG_WARN_ENUM_CONVERSION = YES;
				CLANG_WARN_INT_CONVERSION = YES;
				CLANG_WARN_OBJC_ROOT_CLASS = YES_ERROR;
				CLANG_WARN__DUPLICATE_METHOD_MATCH = YES;
				"CODE_SIGN_IDENTITY[sdk=iphoneos*]" = "iPhone Developer";
				COPY_PHASE_STRIP = YES;
				ENABLE_NS_ASSERTIONS = NO;
				GCC_C_LANGUAGE_STANDARD = gnu99;
				GCC_WARN_64_TO_32_BIT_CONVERSION = YES;
				GCC_WARN_ABOUT_RETURN_TYPE = YES_ERROR;
				GCC_WARN_UNDECLARED_SELECTOR = YES;
				GCC_WARN_UNINITIALIZED_AUTOS = YES;
				GCC_WARN_UNUSED_FUNCTION = YES;
				GCC_WARN_UNUSED_VARIABLE = YES;
				IPHONEOS_DEPLOYMENT_TARGET = 8.0;
				SDKROOT = iphoneos;
				VALIDATE_PRODUCT = YES;
			};
			name = Release;
		};
		CD9DB45B18C816BB00C56BD8 /* Debug */ = {
			isa = XCBuildConfiguration;
			buildSettings = {
				ASSETCATALOG_COMPILER_APPICON_NAME = AppIcon;
				ASSETCATALOG_COMPILER_LAUNCHIMAGE_NAME = LaunchImage;
				CODE_SIGN_IDENTITY = "iPhone Developer";
				FRAMEWORK_SEARCH_PATHS = (
					"$(inherited)",
					"$(PROJECT_DIR)",
				);
				GCC_PRECOMPILE_PREFIX_HEADER = YES;
				GCC_PREFIX_HEADER = "Ten/Ten-Prefix.pch";
				INFOPLIST_FILE = "Ten/Ten-Info.plist";
				PRODUCT_NAME = "$(TARGET_NAME)";
				TARGETED_DEVICE_FAMILY = 1;
				WRAPPER_EXTENSION = app;
			};
			name = Debug;
		};
		CD9DB45C18C816BB00C56BD8 /* Release */ = {
			isa = XCBuildConfiguration;
			buildSettings = {
				ASSETCATALOG_COMPILER_APPICON_NAME = AppIcon;
				ASSETCATALOG_COMPILER_LAUNCHIMAGE_NAME = LaunchImage;
				CODE_SIGN_IDENTITY = "iPhone Developer";
				FRAMEWORK_SEARCH_PATHS = (
					"$(inherited)",
					"$(PROJECT_DIR)",
				);
				GCC_PRECOMPILE_PREFIX_HEADER = YES;
				GCC_PREFIX_HEADER = "Ten/Ten-Prefix.pch";
				INFOPLIST_FILE = "Ten/Ten-Info.plist";
				PRODUCT_NAME = "$(TARGET_NAME)";
				TARGETED_DEVICE_FAMILY = 1;
				WRAPPER_EXTENSION = app;
			};
			name = Release;
		};
		CD9DB45E18C816BB00C56BD8 /* Debug */ = {
			isa = XCBuildConfiguration;
			buildSettings = {
				BUNDLE_LOADER = "$(BUILT_PRODUCTS_DIR)/Ten.app/Ten";
				FRAMEWORK_SEARCH_PATHS = (
					"$(SDKROOT)/Developer/Library/Frameworks",
					"$(inherited)",
					"$(DEVELOPER_FRAMEWORKS_DIR)",
				);
				GCC_PRECOMPILE_PREFIX_HEADER = YES;
				GCC_PREFIX_HEADER = "Ten/Ten-Prefix.pch";
				GCC_PREPROCESSOR_DEFINITIONS = (
					"DEBUG=1",
					"$(inherited)",
				);
				INFOPLIST_FILE = "TenTests/TenTests-Info.plist";
				PRODUCT_NAME = "$(TARGET_NAME)";
				TEST_HOST = "$(BUNDLE_LOADER)";
				WRAPPER_EXTENSION = xctest;
			};
			name = Debug;
		};
		CD9DB45F18C816BB00C56BD8 /* Release */ = {
			isa = XCBuildConfiguration;
			buildSettings = {
				BUNDLE_LOADER = "$(BUILT_PRODUCTS_DIR)/Ten.app/Ten";
				FRAMEWORK_SEARCH_PATHS = (
					"$(SDKROOT)/Developer/Library/Frameworks",
					"$(inherited)",
					"$(DEVELOPER_FRAMEWORKS_DIR)",
				);
				GCC_PRECOMPILE_PREFIX_HEADER = YES;
				GCC_PREFIX_HEADER = "Ten/Ten-Prefix.pch";
				INFOPLIST_FILE = "TenTests/TenTests-Info.plist";
				PRODUCT_NAME = "$(TARGET_NAME)";
				TEST_HOST = "$(BUNDLE_LOADER)";
				WRAPPER_EXTENSION = xctest;
			};
			name = Release;
		};
/* End XCBuildConfiguration section */

/* Begin XCConfigurationList section */
		CD9DB42318C816BB00C56BD8 /* Build configuration list for PBXProject "Ten" */ = {
			isa = XCConfigurationList;
			buildConfigurations = (
				CD9DB45818C816BB00C56BD8 /* Debug */,
				CD9DB45918C816BB00C56BD8 /* Release */,
			);
			defaultConfigurationIsVisible = 0;
			defaultConfigurationName = Release;
		};
		CD9DB45A18C816BB00C56BD8 /* Build configuration list for PBXNativeTarget "Ten" */ = {
			isa = XCConfigurationList;
			buildConfigurations = (
				CD9DB45B18C816BB00C56BD8 /* Debug */,
				CD9DB45C18C816BB00C56BD8 /* Release */,
			);
			defaultConfigurationIsVisible = 0;
			defaultConfigurationName = Release;
		};
		CD9DB45D18C816BB00C56BD8 /* Build configuration list for PBXNativeTarget "TenTests" */ = {
			isa = XCConfigurationList;
			buildConfigurations = (
				CD9DB45E18C816BB00C56BD8 /* Debug */,
				CD9DB45F18C816BB00C56BD8 /* Release */,
			);
			defaultConfigurationIsVisible = 0;
			defaultConfigurationName = Release;
		};
/* End XCConfigurationList section */
	};
	rootObject = CD9DB42018C816BB00C56BD8 /* Project object */;
}
